<Solution>
  <Folder Name="/src/">
    <Project Path="src/NovelaEngine.Core/NovelaEngine.Core.csproj" />
    <Project Path="src/NovelaEngine.Data/NovelaEngine.Data.csproj" />
    <Project Path="src/NovelaEngine.Web/NovelaEngine.Web.csproj" />
  </Folder>
  <Folder Name="/tests/">
    <Project Path="tests/NovelaEngine.Tests/NovelaEngine.Tests.csproj" />
  </Folder>
</Solution>
